
Microsoft Visual Studio Solution File, Format Version 12.00
Project("{FAE04EC0-301F-11D3-BF4B-00C04F79EFBC}") = "TextedBasedGame", "TextedBasedGame\TextedBasedGame.csproj", "{5C938A0A-34F7-4036-9EC4-C8EA5F4B571A}"
EndProject
Global
	GlobalSection(SolutionConfigurationPlatforms) = preSolution
		Debug|Any CPU = Debug|Any CPU
		Release|Any CPU = Release|Any CPU
	EndGlobalSection
	GlobalSection(ProjectConfigurationPlatforms) = postSolution
		{5C938A0A-34F7-4036-9EC4-C8EA5F4B571A}.Debug|Any CPU.ActiveCfg = Debug|Any CPU
		{5C938A0A-34F7-4036-9EC4-C8EA5F4B571A}.Debug|Any CPU.Build.0 = Debug|Any CPU
		{5C938A0A-34F7-4036-9EC4-C8EA5F4B571A}.Release|Any CPU.ActiveCfg = Release|Any CPU
		{5C938A0A-34F7-4036-9EC4-C8EA5F4B571A}.Release|Any CPU.Build.0 = Release|Any CPU
	EndGlobalSection
EndGlobal
